{
    "hash": "f1441357eb1ec80967227dd7eb17d349",
    "packages": [
        {
            "package": "doctrine/common",
            "version": "2.2.3"
        },
        {
            "package": "doctrine/dbal",
            "version": "2.2.x-dev",
            "source-reference": "da4b7b4d965db0c1c1d23333e87ee5ae8994e249",
            "commit-date": "1344978731"
        },
        {
            "package": "domnikl/statsd",
            "version": "dev-develop",
            "source-reference": "d1cb2f7eb72ba8aa789a57421f78f575f5caa955",
            "commit-date": "1344438358"
        },
        {
            "package": "guzzle/guzzle",
            "version": "dev-master",
            "source-reference": "v2.8.7",
            "commit-date": "1349038090"
        },
        {
            "package": "monolog/monolog",
            "version": "dev-master",
            "source-reference": "09b3a80cfaf3e323e348a5e817afeee98d5e6b48",
            "commit-date": "1347983448"
        },
        {
            "package": "pimple/pimple",
            "version": "dev-master",
            "alias-pretty-version": "1.0.x-dev",
            "alias-version": "1.0.9999999.9999999-dev"
        },
        {
            "package": "pimple/pimple",
            "version": "dev-master",
            "source-reference": "b9f27b8dc18c08f00627dec02359b46a24791dc3",
            "commit-date": "1347278988"
        },
        {
            "package": "silex/silex",
            "version": "dev-master",
            "alias-pretty-version": "1.0.x-dev",
            "alias-version": "1.0.9999999.9999999-dev"
        },
        {
            "package": "silex/silex",
            "version": "dev-master",
            "source-reference": "fc82b4255ef081dd7d464c5320ca93a902f9190f",
            "commit-date": "1349013590"
        },
        {
            "package": "symfony/config",
            "version": "dev-master",
            "alias-pretty-version": "2.2.x-dev",
            "alias-version": "2.2.9999999.9999999-dev"
        },
        {
            "package": "symfony/config",
            "version": "dev-master",
            "source-reference": "5aad7e6edb37e1fea6dd94ced47ddefa04de0579",
            "commit-date": "1348854729"
        },
        {
            "package": "symfony/dependency-injection",
            "version": "dev-master",
            "alias-pretty-version": "2.2.x-dev",
            "alias-version": "2.2.9999999.9999999-dev"
        },
        {
            "package": "symfony/dependency-injection",
            "version": "dev-master",
            "source-reference": "cf1e3f4ee834ba34b010fd7d2a693de85b41e9af",
            "commit-date": "1348817656"
        },
        {
            "package": "symfony/event-dispatcher",
            "version": "2.1.x-dev",
            "source-reference": "v2.1.2",
            "commit-date": "1347274422"
        },
        {
            "package": "symfony/http-foundation",
            "version": "2.1.x-dev",
            "source-reference": "17af0b966d268aa62e3487e3c48f0742e919edd1",
            "commit-date": "1349173376"
        },
        {
            "package": "symfony/http-kernel",
            "version": "2.1.x-dev",
            "source-reference": "9d00c6069a5e194826091d72baa5402f623ebf31",
            "commit-date": "1349173376"
        },
        {
            "package": "symfony/routing",
            "version": "2.1.x-dev",
            "source-reference": "v2.1.2",
            "commit-date": "1347274422"
        },
        {
            "package": "symfony/yaml",
            "version": "dev-master",
            "alias-pretty-version": "2.2.x-dev",
            "alias-version": "2.2.9999999.9999999-dev"
        },
        {
            "package": "symfony/yaml",
            "version": "dev-master",
            "source-reference": "f965c71d0edb97cef36c556f2bda25298fce7e69",
            "commit-date": "1348817656"
        },
        {
            "package": "twig/twig",
            "version": "1.6.0"
        }
    ],
    "packages-dev": null,
    "aliases": [

    ],
    "minimum-stability": "dev",
    "stability-flags": [

    ]
}
